
Microsoft Visual Studio Solution File, Format Version 12.00
# Visual Studio Version 16
VisualStudioVersion = 16.0.31321.278
MinimumVisualStudioVersion = 10.0.40219.1
Project("{FAE04EC0-301F-11D3-BF4B-00C04F79EFBC}") = "BirthdayBot", "BirthdayBot\BirthdayBot.csproj", "{C620999F-EC1F-49EA-BCEB-FBDA8F07120B}"
EndProject
Global
	GlobalSection(SolutionConfigurationPlatforms) = preSolution
		Debug|Any CPU = Debug|Any CPU
		Release|Any CPU = Release|Any CPU
	EndGlobalSection
	GlobalSection(ProjectConfigurationPlatforms) = postSolution
		{C620999F-EC1F-49EA-BCEB-FBDA8F07120B}.Debug|Any CPU.ActiveCfg = Debug|Any CPU
		{C620999F-EC1F-49EA-BCEB-FBDA8F07120B}.Debug|Any CPU.Build.0 = Debug|Any CPU
		{C620999F-EC1F-49EA-BCEB-FBDA8F07120B}.Release|Any CPU.ActiveCfg = Release|Any CPU
		{C620999F-EC1F-49EA-BCEB-FBDA8F07120B}.Release|Any CPU.Build.0 = Release|Any CPU
	EndGlobalSection
	GlobalSection(SolutionProperties) = preSolution
		HideSolutionNode = FALSE
	EndGlobalSection
	GlobalSection(ExtensibilityGlobals) = postSolution
		SolutionGuid = {98959511-0165-4F2B-B82D-8862EE4AD9DC}
	EndGlobalSection
EndGlobal
