
Microsoft Visual Studio Solution File, Format Version 12.00
# Visual Studio Version 16
VisualStudioVersion = 16.0.31321.278
MinimumVisualStudioVersion = 10.0.40219.1
Project("{9A19103F-16F7-4668-BE54-9A1E7A4F7556}") = "BirthdayBot", "BirthdayBot\BirthdayBot.csproj", "{C620999F-EC1F-49EA-BCEB-FBDA8F07120B}"
EndProject
Project("{FAE04EC0-301F-11D3-BF4B-00C04F79EFBC}") = "BirthdayBot.BLL", "BirthdayBot.BLL\BirthdayBot.BLL.csproj", "{CAAE295D-77CB-423E-B982-562527B0649A}"
EndProject
Project("{FAE04EC0-301F-11D3-BF4B-00C04F79EFBC}") = "BirthdayBot.DAL", "BirthdayBot.DAL\BirthdayBot.DAL.csproj", "{B8C9CC1B-7A73-4B40-82F5-769496BCE867}"
EndProject
Project("{FAE04EC0-301F-11D3-BF4B-00C04F79EFBC}") = "BirthdayBot.Core", "BirthdayBot.Core\BirthdayBot.Core.csproj", "{B6C09E6E-0776-4A67-85CD-A0D2B8EEDD7A}"
EndProject
Project("{9A19103F-16F7-4668-BE54-9A1E7A4F7556}") = "RapidBots", "..\RapidBots\RapidBots\RapidBots.csproj", "{9F6B278A-7E03-4588-8F1E-B1D8B34AED8A}"
EndProject
Global
	GlobalSection(SolutionConfigurationPlatforms) = preSolution
		Debug|Any CPU = Debug|Any CPU
		Release|Any CPU = Release|Any CPU
	EndGlobalSection
	GlobalSection(ProjectConfigurationPlatforms) = postSolution
		{C620999F-EC1F-49EA-BCEB-FBDA8F07120B}.Debug|Any CPU.ActiveCfg = Debug|Any CPU
		{C620999F-EC1F-49EA-BCEB-FBDA8F07120B}.Debug|Any CPU.Build.0 = Debug|Any CPU
		{C620999F-EC1F-49EA-BCEB-FBDA8F07120B}.Release|Any CPU.ActiveCfg = Release|Any CPU
		{C620999F-EC1F-49EA-BCEB-FBDA8F07120B}.Release|Any CPU.Build.0 = Release|Any CPU
		{CAAE295D-77CB-423E-B982-562527B0649A}.Debug|Any CPU.ActiveCfg = Debug|Any CPU
		{CAAE295D-77CB-423E-B982-562527B0649A}.Debug|Any CPU.Build.0 = Debug|Any CPU
		{CAAE295D-77CB-423E-B982-562527B0649A}.Release|Any CPU.ActiveCfg = Release|Any CPU
		{CAAE295D-77CB-423E-B982-562527B0649A}.Release|Any CPU.Build.0 = Release|Any CPU
		{B8C9CC1B-7A73-4B40-82F5-769496BCE867}.Debug|Any CPU.ActiveCfg = Debug|Any CPU
		{B8C9CC1B-7A73-4B40-82F5-769496BCE867}.Debug|Any CPU.Build.0 = Debug|Any CPU
		{B8C9CC1B-7A73-4B40-82F5-769496BCE867}.Release|Any CPU.ActiveCfg = Release|Any CPU
		{B8C9CC1B-7A73-4B40-82F5-769496BCE867}.Release|Any CPU.Build.0 = Release|Any CPU
		{B6C09E6E-0776-4A67-85CD-A0D2B8EEDD7A}.Debug|Any CPU.ActiveCfg = Debug|Any CPU
		{B6C09E6E-0776-4A67-85CD-A0D2B8EEDD7A}.Debug|Any CPU.Build.0 = Debug|Any CPU
		{B6C09E6E-0776-4A67-85CD-A0D2B8EEDD7A}.Release|Any CPU.ActiveCfg = Release|Any CPU
		{B6C09E6E-0776-4A67-85CD-A0D2B8EEDD7A}.Release|Any CPU.Build.0 = Release|Any CPU
		{9F6B278A-7E03-4588-8F1E-B1D8B34AED8A}.Debug|Any CPU.ActiveCfg = Debug|Any CPU
		{9F6B278A-7E03-4588-8F1E-B1D8B34AED8A}.Debug|Any CPU.Build.0 = Debug|Any CPU
		{9F6B278A-7E03-4588-8F1E-B1D8B34AED8A}.Release|Any CPU.ActiveCfg = Release|Any CPU
		{9F6B278A-7E03-4588-8F1E-B1D8B34AED8A}.Release|Any CPU.Build.0 = Release|Any CPU
	EndGlobalSection
	GlobalSection(SolutionProperties) = preSolution
		HideSolutionNode = FALSE
	EndGlobalSection
	GlobalSection(ExtensibilityGlobals) = postSolution
		SolutionGuid = {98959511-0165-4F2B-B82D-8862EE4AD9DC}
	EndGlobalSection
EndGlobal
